
Microsoft Visual Studio Solution File, Format Version 12.00
# Visual Studio Version 16
VisualStudioVersion = 16.0.31205.134
MinimumVisualStudioVersion = 10.0.40219.1
Project("{9A19103F-16F7-4668-BE54-9A1E7A4F7556}") = "UniversityApp", "UniversityApp\UniversityApp.csproj", "{5D89A098-A8A9-41E5-9357-EE24213F658D}"
EndProject
Project("{FAE04EC0-301F-11D3-BF4B-00C04F79EFBC}") = "UniversityApp.Data", "UniversityApp.Data\UniversityApp.Data.csproj", "{2CFB1405-0E5A-459B-AF25-4FB985CCECFD}"
EndProject
Project("{FAE04EC0-301F-11D3-BF4B-00C04F79EFBC}") = "UniversityApp.Domain", "UniversityApp.Domain\UniversityApp.Domain.csproj", "{1F386EA9-5EF9-4B83-9E2A-792E178C7475}"
EndProject
Global
	GlobalSection(SolutionConfigurationPlatforms) = preSolution
		Debug|Any CPU = Debug|Any CPU
		Release|Any CPU = Release|Any CPU
	EndGlobalSection
	GlobalSection(ProjectConfigurationPlatforms) = postSolution
		{5D89A098-A8A9-41E5-9357-EE24213F658D}.Debug|Any CPU.ActiveCfg = Debug|Any CPU
		{5D89A098-A8A9-41E5-9357-EE24213F658D}.Debug|Any CPU.Build.0 = Debug|Any CPU
		{5D89A098-A8A9-41E5-9357-EE24213F658D}.Release|Any CPU.ActiveCfg = Release|Any CPU
		{5D89A098-A8A9-41E5-9357-EE24213F658D}.Release|Any CPU.Build.0 = Release|Any CPU
		{2CFB1405-0E5A-459B-AF25-4FB985CCECFD}.Debug|Any CPU.ActiveCfg = Debug|Any CPU
		{2CFB1405-0E5A-459B-AF25-4FB985CCECFD}.Debug|Any CPU.Build.0 = Debug|Any CPU
		{2CFB1405-0E5A-459B-AF25-4FB985CCECFD}.Release|Any CPU.ActiveCfg = Release|Any CPU
		{2CFB1405-0E5A-459B-AF25-4FB985CCECFD}.Release|Any CPU.Build.0 = Release|Any CPU
		{1F386EA9-5EF9-4B83-9E2A-792E178C7475}.Debug|Any CPU.ActiveCfg = Debug|Any CPU
		{1F386EA9-5EF9-4B83-9E2A-792E178C7475}.Debug|Any CPU.Build.0 = Debug|Any CPU
		{1F386EA9-5EF9-4B83-9E2A-792E178C7475}.Release|Any CPU.ActiveCfg = Release|Any CPU
		{1F386EA9-5EF9-4B83-9E2A-792E178C7475}.Release|Any CPU.Build.0 = Release|Any CPU
	EndGlobalSection
	GlobalSection(SolutionProperties) = preSolution
		HideSolutionNode = FALSE
	EndGlobalSection
	GlobalSection(ExtensibilityGlobals) = postSolution
		SolutionGuid = {815A98DE-5DEC-4B39-9067-A6909515E6B0}
	EndGlobalSection
EndGlobal
